
Microsoft Visual Studio Solution File, Format Version 12.00
# Visual Studio Version 17
VisualStudioVersion = 17.14.36414.22
MinimumVisualStudioVersion = 10.0.40219.1
Project("{FAE04EC0-301F-11D3-BF4B-00C04F79EFBC}") = "App.FCG.WebApi", "src\App.FCG.WebApi\App.FCG.WebApi.csproj", "{F2DFF5E5-A46C-4922-BC2D-0875FECA2711}"
EndProject
Project("{FAE04EC0-301F-11D3-BF4B-00C04F79EFBC}") = "App.FCG.Authentication", "src\App.FCG.Authentication\App.FCG.Authentication.csproj", "{F836F177-86B4-43E8-87FA-FBD5CE970573}"
EndProject
Project("{FAE04EC0-301F-11D3-BF4B-00C04F79EFBC}") = "App.FCG.Service", "src\App.FCG.Service\App.FCG.Service.csproj", "{EA5D7E7D-B8F3-4921-A5B8-8DD980218534}"
EndProject
Project("{FAE04EC0-301F-11D3-BF4B-00C04F79EFBC}") = "App.FCG.Core", "src\App.FCG.Core\App.FCG.Core.csproj", "{995EF57F-DF27-4644-BA4A-09E5EDDD8227}"
EndProject
Project("{FAE04EC0-301F-11D3-BF4B-00C04F79EFBC}") = "App.FCG.Infra", "src\App.FCG.Infra\App.FCG.Infra.csproj", "{0484B5D9-C197-4EF2-A8E5-E6348C3561B7}"
EndProject
Project("{FAE04EC0-301F-11D3-BF4B-00C04F79EFBC}") = "App.FCG.Tests", "tests\App.FCG.Tests\App.FCG.Tests.csproj", "{3A3F4CF7-A370-4200-A494-3754036AEC7B}"
EndProject
Global
	GlobalSection(SolutionConfigurationPlatforms) = preSolution
		Debug|Any CPU = Debug|Any CPU
		Release|Any CPU = Release|Any CPU
	EndGlobalSection
	GlobalSection(ProjectConfigurationPlatforms) = postSolution
		{F2DFF5E5-A46C-4922-BC2D-0875FECA2711}.Debug|Any CPU.ActiveCfg = Debug|Any CPU
		{F2DFF5E5-A46C-4922-BC2D-0875FECA2711}.Debug|Any CPU.Build.0 = Debug|Any CPU
		{F2DFF5E5-A46C-4922-BC2D-0875FECA2711}.Release|Any CPU.ActiveCfg = Release|Any CPU
		{F2DFF5E5-A46C-4922-BC2D-0875FECA2711}.Release|Any CPU.Build.0 = Release|Any CPU
		{F836F177-86B4-43E8-87FA-FBD5CE970573}.Debug|Any CPU.ActiveCfg = Debug|Any CPU
		{F836F177-86B4-43E8-87FA-FBD5CE970573}.Debug|Any CPU.Build.0 = Debug|Any CPU
		{F836F177-86B4-43E8-87FA-FBD5CE970573}.Release|Any CPU.ActiveCfg = Release|Any CPU
		{F836F177-86B4-43E8-87FA-FBD5CE970573}.Release|Any CPU.Build.0 = Release|Any CPU
		{EA5D7E7D-B8F3-4921-A5B8-8DD980218534}.Debug|Any CPU.ActiveCfg = Debug|Any CPU
		{EA5D7E7D-B8F3-4921-A5B8-8DD980218534}.Debug|Any CPU.Build.0 = Debug|Any CPU
		{EA5D7E7D-B8F3-4921-A5B8-8DD980218534}.Release|Any CPU.ActiveCfg = Release|Any CPU
		{EA5D7E7D-B8F3-4921-A5B8-8DD980218534}.Release|Any CPU.Build.0 = Release|Any CPU
		{995EF57F-DF27-4644-BA4A-09E5EDDD8227}.Debug|Any CPU.ActiveCfg = Debug|Any CPU
		{995EF57F-DF27-4644-BA4A-09E5EDDD8227}.Debug|Any CPU.Build.0 = Debug|Any CPU
		{995EF57F-DF27-4644-BA4A-09E5EDDD8227}.Release|Any CPU.ActiveCfg = Release|Any CPU
		{995EF57F-DF27-4644-BA4A-09E5EDDD8227}.Release|Any CPU.Build.0 = Release|Any CPU
		{0484B5D9-C197-4EF2-A8E5-E6348C3561B7}.Debug|Any CPU.ActiveCfg = Debug|Any CPU
		{0484B5D9-C197-4EF2-A8E5-E6348C3561B7}.Debug|Any CPU.Build.0 = Debug|Any CPU
		{0484B5D9-C197-4EF2-A8E5-E6348C3561B7}.Release|Any CPU.ActiveCfg = Release|Any CPU
		{0484B5D9-C197-4EF2-A8E5-E6348C3561B7}.Release|Any CPU.Build.0 = Release|Any CPU
		{3A3F4CF7-A370-4200-A494-3754036AEC7B}.Debug|Any CPU.ActiveCfg = Debug|Any CPU
		{3A3F4CF7-A370-4200-A494-3754036AEC7B}.Debug|Any CPU.Build.0 = Debug|Any CPU
		{3A3F4CF7-A370-4200-A494-3754036AEC7B}.Release|Any CPU.ActiveCfg = Release|Any CPU
		{3A3F4CF7-A370-4200-A494-3754036AEC7B}.Release|Any CPU.Build.0 = Release|Any CPU
	EndGlobalSection
	GlobalSection(SolutionProperties) = preSolution
		HideSolutionNode = FALSE
	EndGlobalSection
	GlobalSection(ExtensibilityGlobals) = postSolution
		SolutionGuid = {F51D336E-952B-4380-A67C-F25EA03FB1C7}
	EndGlobalSection
EndGlobal
