
Microsoft Visual Studio Solution File, Format Version 12.00
# Visual Studio Version 17
VisualStudioVersion = 17.14.36414.22
MinimumVisualStudioVersion = 10.0.40219.1
Project("{FAE04EC0-301F-11D3-BF4B-00C04F79EFBC}") = "App.FCG.WebApi", "src\App.FCG.WebApi\App.FCG.WebApi.csproj", "{F2DFF5E5-A46C-4922-BC2D-0875FECA2711}"
EndProject
Project("{FAE04EC0-301F-11D3-BF4B-00C04F79EFBC}") = "FCG.Authentication", "src\App.FCG.Authentication\FCG.Authentication.csproj", "{F836F177-86B4-43E8-87FA-FBD5CE970573}"
EndProject
Project("{FAE04EC0-301F-11D3-BF4B-00C04F79EFBC}") = "FCG.Core", "src\App.FCG.Core\FCG.Core.csproj", "{995EF57F-DF27-4644-BA4A-09E5EDDD8227}"
EndProject
Project("{FAE04EC0-301F-11D3-BF4B-00C04F79EFBC}") = "FCG.Tests", "tests\App.FCG.Tests\FCG.Tests.csproj", "{3A3F4CF7-A370-4200-A494-3754036AEC7B}"
EndProject
Project("{FAE04EC0-301F-11D3-BF4B-00C04F79EFBC}") = "FCG.Clients", "src\FGC.Clientes\FCG.Clients.csproj", "{BB51F740-BA72-4566-99F2-9D4CD5BA2134}"
EndProject
Project("{FAE04EC0-301F-11D3-BF4B-00C04F79EFBC}") = "FCG.Shared", "src\FGC.Shared\FCG.Shared.csproj", "{E829D51F-A797-477F-9556-5CC1F822436E}"
EndProject
Project("{2150E333-8FDC-42A3-9474-1A3956D46DE8}") = "BuildingBlock", "BuildingBlock", "{02EA681E-C7D8-13C7-8484-4AC65E1B71E8}"
EndProject
Project("{2150E333-8FDC-42A3-9474-1A3956D46DE8}") = "Core", "Core", "{FAD37201-11DF-4CBD-866E-1A49C8F8E872}"
EndProject
Project("{2150E333-8FDC-42A3-9474-1A3956D46DE8}") = "Services", "Services", "{048CB92E-E7D9-464B-B33F-9C5AF8A8C8A5}"
EndProject
Project("{2150E333-8FDC-42A3-9474-1A3956D46DE8}") = "Tests", "Tests", "{CBAFB00D-790D-413F-8512-C8F67DC1A70B}"
EndProject
Project("{2150E333-8FDC-42A3-9474-1A3956D46DE8}") = "Web", "Web", "{415D84F0-3870-472E-809E-D0388E87DEB0}"
EndProject
Project("{2150E333-8FDC-42A3-9474-1A3956D46DE8}") = "Shared", "Shared", "{B16EA06F-5215-4766-B750-D4DE5AEDDB5F}"
EndProject
Project("{FAE04EC0-301F-11D3-BF4B-00C04F79EFBC}") = "FCG.Games", "src\FCG.Games\FCG.Games.csproj", "{90B7CD13-AEEB-4C86-B87C-3A3BD36794EC}"
EndProject
Global
	GlobalSection(SolutionConfigurationPlatforms) = preSolution
		Debug|Any CPU = Debug|Any CPU
		Release|Any CPU = Release|Any CPU
	EndGlobalSection
	GlobalSection(ProjectConfigurationPlatforms) = postSolution
		{F2DFF5E5-A46C-4922-BC2D-0875FECA2711}.Debug|Any CPU.ActiveCfg = Debug|Any CPU
		{F2DFF5E5-A46C-4922-BC2D-0875FECA2711}.Debug|Any CPU.Build.0 = Debug|Any CPU
		{F2DFF5E5-A46C-4922-BC2D-0875FECA2711}.Release|Any CPU.ActiveCfg = Release|Any CPU
		{F2DFF5E5-A46C-4922-BC2D-0875FECA2711}.Release|Any CPU.Build.0 = Release|Any CPU
		{F836F177-86B4-43E8-87FA-FBD5CE970573}.Debug|Any CPU.ActiveCfg = Debug|Any CPU
		{F836F177-86B4-43E8-87FA-FBD5CE970573}.Debug|Any CPU.Build.0 = Debug|Any CPU
		{F836F177-86B4-43E8-87FA-FBD5CE970573}.Release|Any CPU.ActiveCfg = Release|Any CPU
		{F836F177-86B4-43E8-87FA-FBD5CE970573}.Release|Any CPU.Build.0 = Release|Any CPU
		{995EF57F-DF27-4644-BA4A-09E5EDDD8227}.Debug|Any CPU.ActiveCfg = Debug|Any CPU
		{995EF57F-DF27-4644-BA4A-09E5EDDD8227}.Debug|Any CPU.Build.0 = Debug|Any CPU
		{995EF57F-DF27-4644-BA4A-09E5EDDD8227}.Release|Any CPU.ActiveCfg = Release|Any CPU
		{995EF57F-DF27-4644-BA4A-09E5EDDD8227}.Release|Any CPU.Build.0 = Release|Any CPU
		{3A3F4CF7-A370-4200-A494-3754036AEC7B}.Debug|Any CPU.ActiveCfg = Debug|Any CPU
		{3A3F4CF7-A370-4200-A494-3754036AEC7B}.Debug|Any CPU.Build.0 = Debug|Any CPU
		{3A3F4CF7-A370-4200-A494-3754036AEC7B}.Release|Any CPU.ActiveCfg = Release|Any CPU
		{3A3F4CF7-A370-4200-A494-3754036AEC7B}.Release|Any CPU.Build.0 = Release|Any CPU
		{BB51F740-BA72-4566-99F2-9D4CD5BA2134}.Debug|Any CPU.ActiveCfg = Debug|Any CPU
		{BB51F740-BA72-4566-99F2-9D4CD5BA2134}.Debug|Any CPU.Build.0 = Debug|Any CPU
		{BB51F740-BA72-4566-99F2-9D4CD5BA2134}.Release|Any CPU.ActiveCfg = Release|Any CPU
		{BB51F740-BA72-4566-99F2-9D4CD5BA2134}.Release|Any CPU.Build.0 = Release|Any CPU
		{E829D51F-A797-477F-9556-5CC1F822436E}.Debug|Any CPU.ActiveCfg = Debug|Any CPU
		{E829D51F-A797-477F-9556-5CC1F822436E}.Debug|Any CPU.Build.0 = Debug|Any CPU
		{E829D51F-A797-477F-9556-5CC1F822436E}.Release|Any CPU.ActiveCfg = Release|Any CPU
		{E829D51F-A797-477F-9556-5CC1F822436E}.Release|Any CPU.Build.0 = Release|Any CPU
		{90B7CD13-AEEB-4C86-B87C-3A3BD36794EC}.Debug|Any CPU.ActiveCfg = Debug|Any CPU
		{90B7CD13-AEEB-4C86-B87C-3A3BD36794EC}.Debug|Any CPU.Build.0 = Debug|Any CPU
		{90B7CD13-AEEB-4C86-B87C-3A3BD36794EC}.Release|Any CPU.ActiveCfg = Release|Any CPU
		{90B7CD13-AEEB-4C86-B87C-3A3BD36794EC}.Release|Any CPU.Build.0 = Release|Any CPU
	EndGlobalSection
	GlobalSection(SolutionProperties) = preSolution
		HideSolutionNode = FALSE
	EndGlobalSection
	GlobalSection(NestedProjects) = preSolution
		{F2DFF5E5-A46C-4922-BC2D-0875FECA2711} = {415D84F0-3870-472E-809E-D0388E87DEB0}
		{F836F177-86B4-43E8-87FA-FBD5CE970573} = {048CB92E-E7D9-464B-B33F-9C5AF8A8C8A5}
		{995EF57F-DF27-4644-BA4A-09E5EDDD8227} = {FAD37201-11DF-4CBD-866E-1A49C8F8E872}
		{3A3F4CF7-A370-4200-A494-3754036AEC7B} = {CBAFB00D-790D-413F-8512-C8F67DC1A70B}
		{BB51F740-BA72-4566-99F2-9D4CD5BA2134} = {048CB92E-E7D9-464B-B33F-9C5AF8A8C8A5}
		{E829D51F-A797-477F-9556-5CC1F822436E} = {B16EA06F-5215-4766-B750-D4DE5AEDDB5F}
		{FAD37201-11DF-4CBD-866E-1A49C8F8E872} = {02EA681E-C7D8-13C7-8484-4AC65E1B71E8}
		{B16EA06F-5215-4766-B750-D4DE5AEDDB5F} = {02EA681E-C7D8-13C7-8484-4AC65E1B71E8}
		{90B7CD13-AEEB-4C86-B87C-3A3BD36794EC} = {048CB92E-E7D9-464B-B33F-9C5AF8A8C8A5}
	EndGlobalSection
	GlobalSection(ExtensibilityGlobals) = postSolution
		SolutionGuid = {F51D336E-952B-4380-A67C-F25EA03FB1C7}
	EndGlobalSection
EndGlobal
